<?xml version="1.0" encoding="utf-8"?>
<Project ToolsVersion="4.0" xmlns="http://schemas.microsoft.com/developer/msbuild/2003">
  <ItemGroup>
    <Filter Include="Source Files">
      <UniqueIdentifier>{4FC737F1-C7A5-4376-A066-2A32D752A2FF}</UniqueIdentifier>
      <Extensions>cpp;h</Extensions>
    </Filter>
    <Filter Include="Source Files\Graphics">
      <UniqueIdentifier>{c10780ca-6646-426a-87a5-c75f29f03ec7}</UniqueIdentifier>
      <Extensions>cpp;h</Extensions>
    </Filter>
    <Filter Include="Source Files\Input">
      <UniqueIdentifier>{a16c4a1c-7e23-442d-80d2-d16dfe124ce2}</UniqueIdentifier>
      <Extensions>cpp;h</Extensions>
    </Filter>
    <Filter Include="Source Files\Math">
      <UniqueIdentifier>{76997c9d-3df0-4e5c-9834-e2711f7ebf4d}</UniqueIdentifier>
      <Extensions>cpp;h</Extensions>
    </Filter>
    <Filter Include="Source Files\Math\Primitives">
      <UniqueIdentifier>{b7d2be99-3a25-424d-a638-f958a6c00d8e}</UniqueIdentifier>
      <Extensions>cpp;h</Extensions>
    </Filter>
    <Filter Include="Source Files\Resources">
      <UniqueIdentifier>{7cd5f25d-aa44-4266-9e31-8bbcccf90623}</UniqueIdentifier>
      <Extensions>cpp;h</Extensions>
    </Filter>
    <Filter Include="Source Files\Screens">
      <UniqueIdentifier>{b97a97e8-455e-43e0-9532-df2732fc9927}</UniqueIdentifier>
      <Extensions>cpp;h</Extensions>
    </Filter>
    <Filter Include="Source Files\Screens\Menu">
      <UniqueIdentifier>{55f960e9-7df3-4773-9191-d0648631eb4f}</UniqueIdentifier>
      <Extensions>cpp;h</Extensions>
    </Filter>
  </ItemGroup>
  <ItemGroup>
    <ClCompile Include="KatanaEngine.cpp">
      <Filter>Source Files</Filter>
    </ClCompile>
    <ClCompile Include="Animation.cpp">
      <Filter>Source Files\Resources</Filter>
    </ClCompile>
    <ClCompile Include="Texture.cpp">
      <Filter>Source Files\Resources</Filter>
    </ClCompile>
    <ClCompile Include="Font.cpp">
      <Filter>Source Files\Resources</Filter>
    </ClCompile>
    <ClCompile Include="Color.cpp">
      <Filter>Source Files\Math</Filter>
    </ClCompile>
    <ClCompile Include="InputState.cpp">
      <Filter>Source Files\Input</Filter>
    </ClCompile>
    <ClCompile Include="MathUtil.cpp">
      <Filter>Source Files\Math</Filter>
    </ClCompile>
    <ClCompile Include="RenderTarget.cpp">
      <Filter>Source Files\Graphics</Filter>
    </ClCompile>
    <ClCompile Include="SpriteBatch.cpp">
      <Filter>Source Files\Graphics</Filter>
    </ClCompile>
    <ClCompile Include="Point.cpp">
      <Filter>Source Files\Math</Filter>
    </ClCompile>
    <ClCompile Include="Vector2.cpp">
      <Filter>Source Files\Math</Filter>
    </ClCompile>
    <ClCompile Include="Resource.cpp">
      <Filter>Source Files\Resources</Filter>
    </ClCompile>
    <ClCompile Include="Screen.cpp">
      <Filter>Source Files\Screens</Filter>
    </ClCompile>
    <ClCompile Include="ScreenManager.cpp">
      <Filter>Source Files\Screens</Filter>
    </ClCompile>
    <ClCompile Include="MenuItem.cpp">
      <Filter>Source Files\Screens\Menu</Filter>
    </ClCompile>
    <ClCompile Include="MenuScreen.cpp">
      <Filter>Source Files\Screens\Menu</Filter>
    </ClCompile>
    <ClCompile Include="Game.cpp">
      <Filter>Source Files</Filter>
    </ClCompile>
    <ClCompile Include="GameTime.cpp">
      <Filter>Source Files</Filter>
    </ClCompile>
    <ClCompile Include="Primitive.cpp">
      <Filter>Source Files\Math\Primitives</Filter>
    </ClCompile>
  </ItemGroup>
  <ItemGroup>
    <ClInclude Include="KatanaEngine.h">
      <Filter>Source Files</Filter>
    </ClInclude>
    <ClInclude Include="Animation.h">
      <Filter>Source Files\Resources</Filter>
    </ClInclude>
    <ClInclude Include="Texture.h">
      <Filter>Source Files\Resources</Filter>
    </ClInclude>
    <ClInclude Include="Font.h">
      <Filter>Source Files\Resources</Filter>
    </ClInclude>
    <ClInclude Include="GamePadState.h">
      <Filter>Source Files\Input</Filter>
    </ClInclude>
    <ClInclude Include="Color.h">
      <Filter>Source Files\Math</Filter>
    </ClInclude>
    <ClInclude Include="InputState.h">
      <Filter>Source Files\Input</Filter>
    </ClInclude>
    <ClInclude Include="MathUtil.h">
      <Filter>Source Files\Math</Filter>
    </ClInclude>
    <ClInclude Include="MouseState.h">
      <Filter>Source Files\Input</Filter>
    </ClInclude>
    <ClInclude Include="RenderTarget.h">
      <Filter>Source Files\Graphics</Filter>
    </ClInclude>
    <ClInclude Include="SpriteBatch.h">
      <Filter>Source Files\Graphics</Filter>
    </ClInclude>
    <ClInclude Include="Point.h">
      <Filter>Source Files\Math</Filter>
    </ClInclude>
    <ClInclude Include="Vector2.h">
      <Filter>Source Files\Math</Filter>
    </ClInclude>
    <ClInclude Include="Region.h">
      <Filter>Source Files\Math</Filter>
    </ClInclude>
    <ClInclude Include="Resource.h">
      <Filter>Source Files\Resources</Filter>
    </ClInclude>
    <ClInclude Include="ResourceManager.h">
      <Filter>Source Files\Resources</Filter>
    </ClInclude>
    <ClInclude Include="Screen.h">
      <Filter>Source Files\Screens</Filter>
    </ClInclude>
    <ClInclude Include="ScreenManager.h">
      <Filter>Source Files\Screens</Filter>
    </ClInclude>
    <ClInclude Include="KeyState.h">
      <Filter>Source Files\Input</Filter>
    </ClInclude>
    <ClInclude Include="Bezier.h">
      <Filter>Source Files\Math\Primitives</Filter>
    </ClInclude>
    <ClInclude Include="Circle.h">
      <Filter>Source Files\Math\Primitives</Filter>
    </ClInclude>
    <ClInclude Include="Line.h">
      <Filter>Source Files\Math\Primitives</Filter>
    </ClInclude>
    <ClInclude Include="Primitive.h">
      <Filter>Source Files\Math\Primitives</Filter>
    </ClInclude>
    <ClInclude Include="Rectangle.h">
      <Filter>Source Files\Math\Primitives</Filter>
    </ClInclude>
    <ClInclude Include="MenuItem.h">
      <Filter>Source Files\Screens\Menu</Filter>
    </ClInclude>
    <ClInclude Include="MenuScreen.h">
      <Filter>Source Files\Screens\Menu</Filter>
    </ClInclude>
    <ClInclude Include="EventHandlers.h">
      <Filter>Source Files</Filter>
    </ClInclude>
    <ClInclude Include="Game.h">
      <Filter>Source Files</Filter>
    </ClInclude>
    <ClInclude Include="GameTime.h">
      <Filter>Source Files</Filter>
    </ClInclude>
    <ClInclude Include="IService.h">
      <Filter>Source Files</Filter>
    </ClInclude>
    <ClInclude Include="ServiceContainer.h">
      <Filter>Source Files</Filter>
    </ClInclude>
  </ItemGroup>
  <ItemGroup>
    <None Include="packages.config" />
  </ItemGroup>
</Project>